{
    "_meta": {
        "hash": {
            "sha256": "fef303f2ef7deb7de26aa6568bb50f03f91ce263efd8e2266f1f713bbcb9110d"
        },
        "pipfile-spec": 6,
        "requires": {
            "python_version": "3.*"
        },
        "sources": [
            {
                "name": "pypi",
                "url": "https://pypi.org/simple",
                "verify_ssl": true
            }
        ]
    },
    "default": {},
    "develop": {}
}
